// !$*UTF8*$!
{
	archiveVersion = 1;
	classes = {
	};
	objectVersion = 46;
	objects = {

/* Begin PBXBuildFile section */
		2864AEB11EB72A7000F29123 /* AppDelegate.swift in Sources */ = {isa = PBXBuildFile; fileRef = 2864AEB01EB72A7000F29123 /* AppDelegate.swift */; };
		2864AEB61EB72A7000F29123 /* Main.storyboard in Resources */ = {isa = PBXBuildFile; fileRef = 2864AEB41EB72A7000F29123 /* Main.storyboard */; };
		2864AEB81EB72A7000F29123 /* Assets.xcassets in Resources */ = {isa = PBXBuildFile; fileRef = 2864AEB71EB72A7000F29123 /* Assets.xcassets */; };
		2864AEBB1EB72A7000F29123 /* LaunchScreen.storyboard in Resources */ = {isa = PBXBuildFile; fileRef = 2864AEB91EB72A7000F29123 /* LaunchScreen.storyboard */; };
		2864AEC31EB72BCD00F29123 /* RestaurantTableViewController.swift in Sources */ = {isa = PBXBuildFile; fileRef = 2864AEC21EB72BCD00F29123 /* RestaurantTableViewController.swift */; };
		2864AEC51EB7315400F29123 /* RestaurantTableViewCell.swift in Sources */ = {isa = PBXBuildFile; fileRef = 2864AEC41EB7315400F29123 /* RestaurantTableViewCell.swift */; };
/* End PBXBuildFile section */

/* Begin PBXFileReference section */
		2864AEAD1EB72A7000F29123 /* FoodFinder.app */ = {isa = PBXFileReference; explicitFileType = wrapper.application; includeInIndex = 0; path = FoodFinder.app; sourceTree = BUILT_PRODUCTS_DIR; };
		2864AEB01EB72A7000F29123 /* AppDelegate.swift */ = {isa = PBXFileReference; lastKnownFileType = sourcecode.swift; path = AppDelegate.swift; sourceTree = "<group>"; };
		2864AEB51EB72A7000F29123 /* Base */ = {isa = PBXFileReference; lastKnownFileType = file.storyboard; name = Base; path = Base.lproj/Main.storyboard; sourceTree = "<group>"; };
		2864AEB71EB72A7000F29123 /* Assets.xcassets */ = {isa = PBXFileReference; lastKnownFileType = folder.assetcatalog; path = Assets.xcassets; sourceTree = "<group>"; };
		2864AEBA1EB72A7000F29123 /* Base */ = {isa = PBXFileReference; lastKnownFileType = file.storyboard; name = Base; path = Base.lproj/LaunchScreen.storyboard; sourceTree = "<group>"; };
		2864AEBC1EB72A7000F29123 /* Info.plist */ = {isa = PBXFileReference; lastKnownFileType = text.plist.xml; path = Info.plist; sourceTree = "<group>"; };
		2864AEC21EB72BCD00F29123 /* RestaurantTableViewController.swift */ = {isa = PBXFileReference; fileEncoding = 4; lastKnownFileType = sourcecode.swift; path = RestaurantTableViewController.swift; sourceTree = "<group>"; };
		2864AEC41EB7315400F29123 /* RestaurantTableViewCell.swift */ = {isa = PBXFileReference; fileEncoding = 4; lastKnownFileType = sourcecode.swift; path = RestaurantTableViewCell.swift; sourceTree = "<group>"; };
/* End PBXFileReference section */

/* Begin PBXFrameworksBuildPhase section */
		2864AEAA1EB72A7000F29123 /* Frameworks */ = {
			isa = PBXFrameworksBuildPhase;
			buildActionMask = 2147483647;
			files = (
			);
			runOnlyForDeploymentPostprocessing = 0;
		};
/* End PBXFrameworksBuildPhase section */

/* Begin PBXGroup section */
		2864AEA41EB72A7000F29123 = {
			isa = PBXGroup;
			children = (
				2864AEAF1EB72A7000F29123 /* FoodFinder */,
				2864AEAE1EB72A7000F29123 /* Products */,
			);
			sourceTree = "<group>";
		};
		2864AEAE1EB72A7000F29123 /* Products */ = {
			isa = PBXGroup;
			children = (
				2864AEAD1EB72A7000F29123 /* FoodFinder.app */,
			);
			name = Products;
			sourceTree = "<group>";
		};
		2864AEAF1EB72A7000F29123 /* FoodFinder */ = {
			isa = PBXGroup;
			children = (
				2864AEB01EB72A7000F29123 /* AppDelegate.swift */,
				2864AEC21EB72BCD00F29123 /* RestaurantTableViewController.swift */,
				2864AEB41EB72A7000F29123 /* Main.storyboard */,
				2864AEB71EB72A7000F29123 /* Assets.xcassets */,
				2864AEB91EB72A7000F29123 /* LaunchScreen.storyboard */,
				2864AEBC1EB72A7000F29123 /* Info.plist */,
				2864AEC41EB7315400F29123 /* RestaurantTableViewCell.swift */,
			);
			path = FoodFinder;
			sourceTree = "<group>";
		};
/* End PBXGroup section */

/* Begin PBXNativeTarget section */
		2864AEAC1EB72A7000F29123 /* FoodFinder */ = {
			isa = PBXNativeTarget;
			buildConfigurationList = 2864AEBF1EB72A7000F29123 /* Build configuration list for PBXNativeTarget "FoodFinder" */;
			buildPhases = (
				2864AEA91EB72A7000F29123 /* Sources */,
				2864AEAA1EB72A7000F29123 /* Frameworks */,
				2864AEAB1EB72A7000F29123 /* Resources */,
			);
			buildRules = (
			);
			dependencies = (
			);
			name = FoodFinder;
			productName = FoodFinder;
			productReference = 2864AEAD1EB72A7000F29123 /* FoodFinder.app */;
			productType = "com.apple.product-type.application";
		};
/* End PBXNativeTarget section */

/* Begin PBXProject section */
		2864AEA51EB72A7000F29123 /* Project object */ = {
			isa = PBXProject;
			attributes = {
				LastSwiftUpdateCheck = 0830;
				LastUpgradeCheck = 0830;
				ORGANIZATIONNAME = "NeiL Liu";
				TargetAttributes = {
					2864AEAC1EB72A7000F29123 = {
						CreatedOnToolsVersion = 8.3.2;
						DevelopmentTeam = 9BNHF9ARZZ;
						ProvisioningStyle = Automatic;
					};
				};
			};
			buildConfigurationList = 2864AEA81EB72A7000F29123 /* Build configuration list for PBXProject "FoodFinder" */;
			compatibilityVersion = "Xcode 3.2";
			developmentRegion = English;
			hasScannedForEncodings = 0;
			knownRegions = (
				en,
				Base,
			);
			mainGroup = 2864AEA41EB72A7000F29123;
			productRefGroup = 2864AEAE1EB72A7000F29123 /* Products */;
			projectDirPath = "";
			projectRoot = "";
			targets = (
				2864AEAC1EB72A7000F29123 /* FoodFinder */,
			);
		};
/* End PBXProject section */

/* Begin PBXResourcesBuildPhase section */
		2864AEAB1EB72A7000F29123 /* Resources */ = {
			isa = PBXResourcesBuildPhase;
			buildActionMask = 2147483647;
			files = (
				2864AEBB1EB72A7000F29123 /* LaunchScreen.storyboard in Resources */,
				2864AEB81EB72A7000F29123 /* Assets.xcassets in Resources */,
				2864AEB61EB72A7000F29123 /* Main.storyboard in Resources */,
			);
			runOnlyForDeploymentPostprocessing = 0;
		};
/* End PBXResourcesBuildPhase section */

/* Begin PBXSourcesBuildPhase section */
		2864AEA91EB72A7000F29123 /* Sources */ = {
			isa = PBXSourcesBuildPhase;
			buildActionMask = 2147483647;
			files = (
				2864AEC31EB72BCD00F29123 /* RestaurantTableViewController.swift in Sources */,
				2864AEC51EB7315400F29123 /* RestaurantTableViewCell.swift in Sources */,
				2864AEB11EB72A7000F29123 /* AppDelegate.swift in Sources */,
			);
			runOnlyForDeploymentPostprocessing = 0;
		};
/* End PBXSourcesBuildPhase section */

/* Begin PBXVariantGroup section */
		2864AEB41EB72A7000F29123 /* Main.storyboard */ = {
			isa = PBXVariantGroup;
			children = (
				2864AEB51EB72A7000F29123 /* Base */,
			);
			name = Main.storyboard;
			sourceTree = "<group>";
		};
		2864AEB91EB72A7000F29123 /* LaunchScreen.storyboard */ = {
			isa = PBXVariantGroup;
			children = (
				2864AEBA1EB72A7000F29123 /* Base */,
			);
			name = LaunchScreen.storyboard;
			sourceTree = "<group>";
		};
/* End PBXVariantGroup section */

/* Begin XCBuildConfiguration section */
		2864AEBD1EB72A7000F29123 /* Debug */ = {
			isa = XCBuildConfiguration;
			buildSettings = {
				ALWAYS_SEARCH_USER_PATHS = NO;
				CLANG_ANALYZER_NONNULL = YES;
				CLANG_ANALYZER_NUMBER_OBJECT_CONVERSION = YES_AGGRESSIVE;
				CLANG_CXX_LANGUAGE_STANDARD = "gnu++0x";
				CLANG_CXX_LIBRARY = "libc++";
				CLANG_ENABLE_MODULES = YES;
				CLANG_ENABLE_OBJC_ARC = YES;
				CLANG_WARN_BOOL_CONVERSION = YES;
				CLANG_WARN_CONSTANT_CONVERSION = YES;
				CLANG_WARN_DIRECT_OBJC_ISA_USAGE = YES_ERROR;
				CLANG_WARN_DOCUMENTATION_COMMENTS = YES;
				CLANG_WARN_EMPTY_BODY = YES;
				CLANG_WARN_ENUM_CONVERSION = YES;
				CLANG_WARN_INFINITE_RECURSION = YES;
				CLANG_WARN_INT_CONVERSION = YES;
				CLANG_WARN_OBJC_ROOT_CLASS = YES_ERROR;
				CLANG_WARN_SUSPICIOUS_MOVE = YES;
				CLANG_WARN_UNREACHABLE_CODE = YES;
				CLANG_WARN__DUPLICATE_METHOD_MATCH = YES;
				"CODE_SIGN_IDENTITY[sdk=iphoneos*]" = "iPhone Developer";
				COPY_PHASE_STRIP = NO;
				DEBUG_INFORMATION_FORMAT = dwarf;
				ENABLE_STRICT_OBJC_MSGSEND = YES;
				ENABLE_TESTABILITY = YES;
				GCC_C_LANGUAGE_STANDARD = gnu99;
				GCC_DYNAMIC_NO_PIC = NO;
				GCC_NO_COMMON_BLOCKS = YES;
				GCC_OPTIMIZATION_LEVEL = 0;
				GCC_PREPROCESSOR_DEFINITIONS = (
					"DEBUG=1",
					"$(inherited)",
				);
				GCC_WARN_64_TO_32_BIT_CONVERSION = YES;
				GCC_WARN_ABOUT_RETURN_TYPE = YES_ERROR;
				GCC_WARN_UNDECLARED_SELECTOR = YES;
				GCC_WARN_UNINITIALIZED_AUTOS = YES_AGGRESSIVE;
				GCC_WARN_UNUSED_FUNCTION = YES;
				GCC_WARN_UNUSED_VARIABLE = YES;
				IPHONEOS_DEPLOYMENT_TARGET = 10.3;
				MTL_ENABLE_DEBUG_INFO = YES;
				ONLY_ACTIVE_ARCH = YES;
				SDKROOT = iphoneos;
				SWIFT_ACTIVE_COMPILATION_CONDITIONS = DEBUG;
				SWIFT_OPTIMIZATION_LEVEL = "-Onone";
			};
			name = Debug;
		};
		2864AEBE1EB72A7000F29123 /* Release */ = {
			isa = XCBuildConfiguration;
			buildSettings = {
				ALWAYS_SEARCH_USER_PATHS = NO;
				CLANG_ANALYZER_NONNULL = YES;
				CLANG_ANALYZER_NUMBER_OBJECT_CONVERSION = YES_AGGRESSIVE;
				CLANG_CXX_LANGUAGE_STANDARD = "gnu++0x";
				CLANG_CXX_LIBRARY = "libc++";
				CLANG_ENABLE_MODULES = YES;
				CLANG_ENABLE_OBJC_ARC = YES;
				CLANG_WARN_BOOL_CONVERSION = YES;
				CLANG_WARN_CONSTANT_CONVERSION = YES;
				CLANG_WARN_DIRECT_OBJC_ISA_USAGE = YES_ERROR;
				CLANG_WARN_DOCUMENTATION_COMMENTS = YES;
				CLANG_WARN_EMPTY_BODY = YES;
				CLANG_WARN_ENUM_CONVERSION = YES;
				CLANG_WARN_INFINITE_RECURSION = YES;
				CLANG_WARN_INT_CONVERSION = YES;
				CLANG_WARN_OBJC_ROOT_CLASS = YES_ERROR;
				CLANG_WARN_SUSPICIOUS_MOVE = YES;
				CLANG_WARN_UNREACHABLE_CODE = YES;
				CLANG_WARN__DUPLICATE_METHOD_MATCH = YES;
				"CODE_SIGN_IDENTITY[sdk=iphoneos*]" = "iPhone Developer";
				COPY_PHASE_STRIP = NO;
				DEBUG_INFORMATION_FORMAT = "dwarf-with-dsym";
				ENABLE_NS_ASSERTIONS = NO;
				ENABLE_STRICT_OBJC_MSGSEND = YES;
				GCC_C_LANGUAGE_STANDARD = gnu99;
				GCC_NO_COMMON_BLOCKS = YES;
				GCC_WARN_64_TO_32_BIT_CONVERSION = YES;
				GCC_WARN_ABOUT_RETURN_TYPE = YES_ERROR;
				GCC_WARN_UNDECLARED_SELECTOR = YES;
				GCC_WARN_UNINITIALIZED_AUTOS = YES_AGGRESSIVE;
				GCC_WARN_UNUSED_FUNCTION = YES;
				GCC_WARN_UNUSED_VARIABLE = YES;
				IPHONEOS_DEPLOYMENT_TARGET = 10.3;
				MTL_ENABLE_DEBUG_INFO = NO;
				SDKROOT = iphoneos;
				SWIFT_OPTIMIZATION_LEVEL = "-Owholemodule";
				VALIDATE_PRODUCT = YES;
			};
			name = Release;
		};
		2864AEC01EB72A7000F29123 /* Debug */ = {
			isa = XCBuildConfiguration;
			buildSettings = {
				ASSETCATALOG_COMPILER_APPICON_NAME = AppIcon;
				DEVELOPMENT_TEAM = 9BNHF9ARZZ;
				INFOPLIST_FILE = FoodFinder/Info.plist;
				LD_RUNPATH_SEARCH_PATHS = "$(inherited) @executable_path/Frameworks";
				PRODUCT_BUNDLE_IDENTIFIER = com.blogspot.neil978.FoodFinder;
				PRODUCT_NAME = "$(TARGET_NAME)";
				SWIFT_VERSION = 3.0;
			};
			name = Debug;
		};
		2864AEC11EB72A7000F29123 /* Release */ = {
			isa = XCBuildConfiguration;
			buildSettings = {
				ASSETCATALOG_COMPILER_APPICON_NAME = AppIcon;
				DEVELOPMENT_TEAM = 9BNHF9ARZZ;
				INFOPLIST_FILE = FoodFinder/Info.plist;
				LD_RUNPATH_SEARCH_PATHS = "$(inherited) @executable_path/Frameworks";
				PRODUCT_BUNDLE_IDENTIFIER = com.blogspot.neil978.FoodFinder;
				PRODUCT_NAME = "$(TARGET_NAME)";
				SWIFT_VERSION = 3.0;
			};
			name = Release;
		};
/* End XCBuildConfiguration section */

/* Begin XCConfigurationList section */
		2864AEA81EB72A7000F29123 /* Build configuration list for PBXProject "FoodFinder" */ = {
			isa = XCConfigurationList;
			buildConfigurations = (
				2864AEBD1EB72A7000F29123 /* Debug */,
				2864AEBE1EB72A7000F29123 /* Release */,
			);
			defaultConfigurationIsVisible = 0;
			defaultConfigurationName = Release;
		};
		2864AEBF1EB72A7000F29123 /* Build configuration list for PBXNativeTarget "FoodFinder" */ = {
			isa = XCConfigurationList;
			buildConfigurations = (
				2864AEC01EB72A7000F29123 /* Debug */,
				2864AEC11EB72A7000F29123 /* Release */,
			);
			defaultConfigurationIsVisible = 0;
		};
/* End XCConfigurationList section */
	};
	rootObject = 2864AEA51EB72A7000F29123 /* Project object */;
}
